hash: 24d1b6454599797fa4580979a670ec21768026ae409fdcfb7a89d6eddcaf8919
updated: 2017-07-05T16:30:42.546467052+02:00
imports:
- name: github.com/bblfsh/sdk
  version: 5fd7188f34d7ba2d82c2eac1f330c9496c452002
  subpackages:
  - manifest
  - protocol
  - protocol/driver
  - protocol/jsonlines
  - protocol/native
  - uast
  - uast/ann
- name: github.com/BurntSushi/toml
  version: b26d9c308763d68093482582cea63d69be07a0f0
- name: github.com/containers/image
  version: 66efd5c31ce9470c37d8fb40c2e424c63f72c735
  subpackages:
  - directory
  - directory/explicitfilepath
  - docker
  - docker/archive
  - docker/daemon
  - docker/policyconfiguration
  - docker/reference
  - docker/tarfile
  - image
  - manifest
  - oci/layout
  - ostree
  - pkg/compression
  - pkg/strslice
  - transports
  - types
- name: github.com/containers/storage
  version: 5cbbc6bafb45bd7ef10486b673deb3b81bb3b787
  subpackages:
  - pkg/archive
  - pkg/fileutils
  - pkg/homedir
  - pkg/idtools
  - pkg/ioutils
  - pkg/longpath
  - pkg/pools
  - pkg/promise
  - pkg/system
- name: github.com/coreos/go-systemd
  version: e97b35f834b17eaa82afe3d44715c34736bfa12b
  subpackages:
  - dbus
  - util
- name: github.com/coreos/pkg
  version: fa29b1d70f0beaddd4c7021607cc3c3be8ce94b8
  subpackages:
  - dlopen
- name: github.com/docker/distribution
  version: cd27f179f2c10c5d300e6d09025b538c475b0d51
  subpackages:
  - context
  - digest
  - reference
  - registry/api/errcode
  - registry/api/v2
  - registry/client
  - registry/client/transport
  - registry/storage/cache
  - registry/storage/cache/memory
  - uuid
- name: github.com/docker/docker
  version: 338565805c31783c63f9bb35d5b24f4c0c5656d3
  subpackages:
  - api
  - api/types
  - api/types/blkiodev
  - api/types/container
  - api/types/events
  - api/types/filters
  - api/types/image
  - api/types/mount
  - api/types/network
  - api/types/registry
  - api/types/strslice
  - api/types/swarm
  - api/types/time
  - api/types/versions
  - api/types/volume
  - client
  - pkg/ioutils
  - pkg/longpath
  - pkg/mount
  - pkg/symlink
  - pkg/system
  - pkg/tlsconfig
- name: github.com/docker/go-connections
  version: a2afab9802043837035592f1c24827fb70766de9
  subpackages:
  - nat
  - sockets
  - tlsconfig
- name: github.com/docker/go-units
  version: 0dadbb0345b35ec7ef35e228dabb8de89a65bf52
- name: github.com/docker/libtrust
  version: aabc10ec26b754e797f9028f4589c5b7bd90dc20
- name: github.com/ghodss/yaml
  version: 04f313413ffd65ce25f2541bfd2b2ceec5c0908c
- name: github.com/gin-gonic/gin
  version: e2212d40c62a98b388a5eb48ecbdcf88534688ba
  subpackages:
  - binding
  - render
- name: github.com/godbus/dbus
  version: fe0e1d54eaeda11a9979659a8d32f459e88bee75
- name: github.com/gogo/protobuf
  version: 9df9efe4c742f1a2bfdedf1c3b6902fc6e814c6b
  subpackages:
  - gogoproto
  - proto
  - protoc-gen-gogo/descriptor
- name: github.com/golang/protobuf
  version: 6e4cc92cc905d5f4a73041c1b8228ea08f4c6147
  subpackages:
  - proto
  - ptypes/any
- name: github.com/gorilla/context
  version: 14f550f51af52180c2eefed15e5fd18d63c0a64a
- name: github.com/gorilla/mux
  version: e444e69cbd2e2e3e0749a2f3c717cec491552bbf
- name: github.com/jessevdk/go-flags
  version: 5695738f733662da3e9afc2283bba6f3c879002d
- name: github.com/manucorporat/sse
  version: ee05b128a739a0fb76c7ebd3ae4810c1de808d6d
- name: github.com/mattn/go-isatty
  version: 57fdcb988a5c543893cc61bce354a6e24ab70022
- name: github.com/Microsoft/go-winio
  version: fff283ad5116362ca252298cfc9b95828956d85d
- name: github.com/mrunalp/fileutils
  version: 4ee1cc9a80582a0c75febdd5cfa779ee4361cbca
- name: github.com/oklog/ulid
  version: 66bb6560562feca7045b23db1ae85b01260f87c5
- name: github.com/opencontainers/go-digest
  version: aa2ec055abd10d26d539eb630a92241b781ce4bc
- name: github.com/opencontainers/image-spec
  version: 1a6593ab6c3ab5902072b4694a22ff19425396ae
  subpackages:
  - specs-go
  - specs-go/v1
- name: github.com/opencontainers/runc
  version: 75f8da7c889acc4509a0cf6f0d3a8f9584778375
  subpackages:
  - libcontainer
  - libcontainer/apparmor
  - libcontainer/cgroups
  - libcontainer/cgroups/fs
  - libcontainer/cgroups/systemd
  - libcontainer/configs
  - libcontainer/configs/validate
  - libcontainer/criurpc
  - libcontainer/keys
  - libcontainer/label
  - libcontainer/nsenter
  - libcontainer/seccomp
  - libcontainer/selinux
  - libcontainer/stacktrace
  - libcontainer/system
  - libcontainer/user
  - libcontainer/utils
- name: github.com/opencontainers/runtime-spec
  version: d87ec6945fa5ff5c0553056c5510d46fe3490203
  subpackages:
  - specs-go
- name: github.com/pkg/errors
  version: bfd5150e4e41705ded2129ec33379de1cb90b513
- name: github.com/rs/cors
  version: 8dd4211afb5d08dbb39a533b9bb9e4b486351df6
- name: github.com/seccomp/libseccomp-golang
  version: e3496e3a417d1dc9ecdceca5af2513271fed37a0
- name: github.com/Sirupsen/logrus
  version: 0208149b40d863d2c1a2f8fe5753096a9cf2cc8b
- name: github.com/syndtr/gocapability
  version: e7cb7fa329f456b3855136a2642b197bad7366ba
  subpackages:
  - capability
- name: github.com/toqueteos/trie
  version: 56fed4a05683322f125e2d78ee269bb102280392
- name: github.com/vishvananda/netlink
  version: fe3b5664d23a11b52ba59bece4ff29c52772a56b
  subpackages:
  - nl
- name: github.com/vishvananda/netns
  version: 54f0e4339ce73702a0607f49922aaa1e749b418d
- name: golang.org/x/net
  version: 3da985ce5951d99de868be4385f21ea6c2b22f24
  subpackages:
  - context
  - context/ctxhttp
  - http2
  - http2/hpack
  - idna
  - internal/timeseries
  - lex/httplex
  - proxy
  - trace
- name: golang.org/x/sys
  version: 8f0908ab3b2457e2e15403d3697c9ef5cb4b57a9
  subpackages:
  - unix
  - windows
- name: golang.org/x/text
  version: 4ee4af566555f5fbe026368b75596286a312663a
  subpackages:
  - secure/bidirule
  - transform
  - unicode/bidi
  - unicode/norm
- name: google.golang.org/genproto
  version: d80a6e20e776b0b17a324d0ba1ab50a39c8e8944
  subpackages:
  - googleapis/rpc/status
- name: google.golang.org/grpc
  version: 79f73d62e5082ee8d6b86a2487fd6267c1495fcd
  subpackages:
  - codes
  - credentials
  - grpclb/grpc_lb_v1
  - grpclog
  - internal
  - keepalive
  - metadata
  - naming
  - peer
  - stats
  - status
  - tap
  - transport
- name: gopkg.in/go-playground/validator.v8
  version: c193cecd124b5cc722d7ee5538e945bdb3348435
- name: gopkg.in/src-d/enry.v1
  version: 708f2e40bf35cdc6760a11293cad0a8e632b31a1
- name: gopkg.in/src-d/go-errors.v0
  version: 0c303ec4c027302259ec1738f19f515aad25f13f
- name: gopkg.in/toqueteos/substring.v1
  version: c5f61671513240ddf5563635cc4a90e9f3ae4710
- name: gopkg.in/yaml.v2
  version: bef53efd0c76e49e6de55ead051f886bea7e9420
testImports:
- name: github.com/davecgh/go-spew
  version: 5215b55f46b2b919f50a1df0eaa5886afe4e3b3d
  subpackages:
  - spew
- name: github.com/pmezard/go-difflib
  version: 792786c7400a136282c1664665ae0a8db921c6c2
  subpackages:
  - difflib
- name: github.com/stretchr/testify
  version: f390dcf405f7b83c997eac1b06768bb9f44dec18
  subpackages:
  - assert
  - require
  - suite
