# This file is autogenerated, do not edit; changes may be undone by the next 'dep ensure'.


[[projects]]
  branch = "master"
  name = "github.com/BurntSushi/toml"
  packages = ["."]
  revision = "a368813c5e648fee92e5f6c30e3944ff9d5e8895"

[[projects]]
  name = "github.com/Microsoft/go-winio"
  packages = ["."]
  revision = "c4dc1301f1dc0307acd38e611aa375a64dfe0642"
  version = "v0.4.3"

[[projects]]
  branch = "master"
  name = "github.com/beorn7/perks"
  packages = ["quantile"]
  revision = "4c0e84591b9aa9e6dcfdf3e020114cd81f89d5f9"

[[projects]]
  name = "github.com/briandowns/spinner"
  packages = ["."]
  revision = "48dbb65d7bd5c74ab50d53d04c949f20e3d14944"
  version = "1.0"

[[projects]]
  branch = "master"
  name = "github.com/containerd/console"
  packages = ["."]
  revision = "2748ece16665b45a47f884001d5831ec79703880"

[[projects]]
  name = "github.com/containers/image"
  packages = [
    "directory",
    "directory/explicitfilepath",
    "docker",
    "docker/archive",
    "docker/daemon",
    "docker/policyconfiguration",
    "docker/reference",
    "docker/tarfile",
    "image",
    "manifest",
    "oci/layout",
    "ostree",
    "pkg/compression",
    "pkg/strslice",
    "transports",
    "types"
  ]
  revision = "33dad2514b7d6673f489f81fe12e54d12c6dea96"

[[projects]]
  branch = "master"
  name = "github.com/containers/storage"
  packages = [
    "pkg/archive",
    "pkg/fileutils",
    "pkg/homedir",
    "pkg/idtools",
    "pkg/ioutils",
    "pkg/longpath",
    "pkg/mount",
    "pkg/pools",
    "pkg/promise",
    "pkg/system"
  ]
  revision = "477e551dd493e5c80999d3690d3a201fd26ba2f1"

[[projects]]
  name = "github.com/coreos/go-systemd"
  packages = [
    "dbus",
    "util"
  ]
  revision = "24036eb3df68550d24a2736c5d013f4e83366866"

[[projects]]
  name = "github.com/coreos/pkg"
  packages = ["dlopen"]
  revision = "8dbaa491b063ed47e2474b5363de0c0db91cf9f2"

[[projects]]
  name = "github.com/cyphar/filepath-securejoin"
  packages = ["."]
  revision = "06bda8370f45268db985f7af15732444d94ed51c"
  version = "v0.2.1"

[[projects]]
  name = "github.com/davecgh/go-spew"
  packages = ["spew"]
  revision = "6d212800a42e8ab5c146b8ace3490ee17e5225f9"

[[projects]]
  branch = "master"
  name = "github.com/docker/distribution"
  packages = [
    ".",
    "digestset",
    "metrics",
    "reference",
    "registry/api/errcode",
    "registry/api/v2",
    "registry/client",
    "registry/client/auth/challenge",
    "registry/client/transport",
    "registry/storage/cache",
    "registry/storage/cache/memory"
  ]
  revision = "6664ec703991875e14419ff4960921cce7678bab"

[[projects]]
  name = "github.com/docker/docker"
  packages = [
    "api/types",
    "api/types/blkiodev",
    "api/types/container",
    "api/types/events",
    "api/types/filters",
    "api/types/mount",
    "api/types/network",
    "api/types/reference",
    "api/types/registry",
    "api/types/strslice",
    "api/types/swarm",
    "api/types/time",
    "api/types/versions",
    "api/types/volume",
    "client",
    "pkg/tlsconfig"
  ]
  revision = "092cba3727bb9b4a2f0e922cd6c0f93ea270e363"
  version = "v1.13.1"

[[projects]]
  name = "github.com/docker/docker-credential-helpers"
  packages = [
    "client",
    "credentials"
  ]
  revision = "d68f9aeca33f5fd3f08eeae5e9d175edf4e731d1"
  version = "v0.6.0"

[[projects]]
  name = "github.com/docker/go-connections"
  packages = [
    "nat",
    "sockets",
    "tlsconfig"
  ]
  revision = "3ede32e2033de7505e6500d6c868c2b9ed9f169d"
  version = "v0.3.0"

[[projects]]
  branch = "master"
  name = "github.com/docker/go-metrics"
  packages = ["."]
  revision = "399ea8c73916000c64c2c76e8da00ca82f8387ab"

[[projects]]
  name = "github.com/docker/go-units"
  packages = ["."]
  revision = "0dadbb0345b35ec7ef35e228dabb8de89a65bf52"
  version = "v0.3.2"

[[projects]]
  branch = "master"
  name = "github.com/docker/libtrust"
  packages = ["."]
  revision = "aabc10ec26b754e797f9028f4589c5b7bd90dc20"

[[projects]]
  name = "github.com/fatih/color"
  packages = ["."]
  revision = "5df930a27be2502f99b292b7cc09ebad4d0891f4"

[[projects]]
  name = "github.com/ghodss/yaml"
  packages = ["."]
  revision = "0ca9ea5df5451ffdf184b4428c902747c2c11cd7"
  version = "v1.0.0"

[[projects]]
  name = "github.com/godbus/dbus"
  packages = ["."]
  revision = "bd29ed602e2cf4207ebcabcd530259169e4289ba"

[[projects]]
  name = "github.com/gogo/protobuf"
  packages = [
    "gogoproto",
    "proto",
    "protoc-gen-gogo/descriptor",
    "sortkeys",
    "types"
  ]
  revision = "dda3e8acadcc9affc16faf33fbb229db78399245"

[[projects]]
  name = "github.com/golang/protobuf"
  packages = [
    "proto",
    "ptypes",
    "ptypes/any",
    "ptypes/duration",
    "ptypes/timestamp"
  ]
  revision = "0a4f71a498b7c4812f64969510bcb4eca251e33a"

[[projects]]
  branch = "master"
  name = "github.com/google/go-github"
  packages = ["github"]
  revision = "632a2caf6d3d380753dc7e422748202982ad18a3"

[[projects]]
  branch = "master"
  name = "github.com/google/go-querystring"
  packages = ["query"]
  revision = "53e6ce116135b80d037921a7fdd5138cf32d7a8a"

[[projects]]
  branch = "master"
  name = "github.com/gorilla/context"
  packages = ["."]
  revision = "08b5f424b9271eedf6f9f0ce86cb9396ed337a42"

[[projects]]
  name = "github.com/gorilla/mux"
  packages = ["."]
  revision = "ac112f7d75a0714af1bd86ab17749b31f7809640"

[[projects]]
  branch = "master"
  name = "github.com/hokaccha/go-prettyjson"
  packages = ["."]
  revision = "e6b9231a2b1cc5798b336fdbf99c16cd8ad1e0c9"

[[projects]]
  name = "github.com/jessevdk/go-flags"
  packages = ["."]
  revision = "c6ca198ec95c841fdb89fc0de7496fed11ab854e"
  version = "v1.4.0"

[[projects]]
  name = "github.com/mattn/go-colorable"
  packages = ["."]
  revision = "5411d3eea5978e6cdc258b30de592b60df6aba96"

[[projects]]
  name = "github.com/mattn/go-isatty"
  packages = ["."]
  revision = "57fdcb988a5c543893cc61bce354a6e24ab70022"

[[projects]]
  branch = "master"
  name = "github.com/mattn/go-runewidth"
  packages = ["."]
  revision = "97311d9f7767e3d6f422ea06661bc2c7a19e8a5d"

[[projects]]
  name = "github.com/matttproud/golang_protobuf_extensions"
  packages = ["pbutil"]
  revision = "3247c84500bff8d9fb6d579d800f20b3e091582c"
  version = "v1.0.0"

[[projects]]
  branch = "master"
  name = "github.com/mcuadros/go-lookup"
  packages = ["."]
  revision = "5650f26be7675b629fff8356a50d906fa03e9c8b"

[[projects]]
  branch = "master"
  name = "github.com/mgutz/ansi"
  packages = ["."]
  revision = "9520e82c474b0a04dd04f8a40959027271bab992"

[[projects]]
  name = "github.com/mrunalp/fileutils"
  packages = ["."]
  revision = "4ee1cc9a80582a0c75febdd5cfa779ee4361cbca"

[[projects]]
  name = "github.com/oklog/ulid"
  packages = ["."]
  revision = "d311cb43c92434ec4072dfbbda3400741d0a6337"
  version = "v0.3.0"

[[projects]]
  name = "github.com/olekukonko/tablewriter"
  packages = ["."]
  revision = "a7a4c189eb47ed33ce7b35f2880070a0c82a67d4"

[[projects]]
  name = "github.com/opencontainers/go-digest"
  packages = ["."]
  revision = "279bed98673dd5bef374d3b6e4b09e2af76183bf"
  version = "v1.0.0-rc1"

[[projects]]
  name = "github.com/opencontainers/image-spec"
  packages = [
    "specs-go",
    "specs-go/v1"
  ]
  revision = "d60099175f88c47cd379c4738d158884749ed235"
  version = "v1.0.1"

[[projects]]
  name = "github.com/opencontainers/runc"
  packages = [
    "libcontainer",
    "libcontainer/apparmor",
    "libcontainer/cgroups",
    "libcontainer/cgroups/fs",
    "libcontainer/cgroups/systemd",
    "libcontainer/configs",
    "libcontainer/configs/validate",
    "libcontainer/criurpc",
    "libcontainer/intelrdt",
    "libcontainer/keys",
    "libcontainer/mount",
    "libcontainer/nsenter",
    "libcontainer/seccomp",
    "libcontainer/stacktrace",
    "libcontainer/system",
    "libcontainer/user",
    "libcontainer/utils"
  ]
  revision = "e8149af2910850602cae998dede29e630d1b8ee1"

[[projects]]
  name = "github.com/opencontainers/runtime-spec"
  packages = ["specs-go"]
  revision = "96de01bbb42c7af89bff100e10a9f0fb62e75bfb"

[[projects]]
  name = "github.com/opencontainers/selinux"
  packages = [
    "go-selinux",
    "go-selinux/label"
  ]
  revision = "4a2974bf1ee960774ffd517717f1f45325af0206"

[[projects]]
  name = "github.com/ostreedev/ostree-go"
  packages = [
    "pkg/glibobject",
    "pkg/otbuiltin"
  ]
  revision = "80ab7dbb89864135bbc6536fc1d468d8a3529b53"

[[projects]]
  name = "github.com/pkg/errors"
  packages = ["."]
  revision = "645ef00459ed84a119197bfb8d8205042c6df63d"
  version = "v0.8.0"

[[projects]]
  name = "github.com/pmezard/go-difflib"
  packages = ["difflib"]
  revision = "d8ed2627bdf02c080bf22230dbb337003b7aba2d"

[[projects]]
  name = "github.com/prometheus/client_golang"
  packages = [
    "prometheus",
    "prometheus/promhttp"
  ]
  revision = "967789050ba94deca04a5e84cce8ad472ce313c1"
  version = "v0.9.0-pre1"

[[projects]]
  branch = "master"
  name = "github.com/prometheus/client_model"
  packages = ["go"]
  revision = "99fa1f4be8e564e8a6b613da7fa6f46c9edafc6c"

[[projects]]
  branch = "master"
  name = "github.com/prometheus/common"
  packages = [
    "expfmt",
    "internal/bitbucket.org/ww/goautoneg",
    "model"
  ]
  revision = "89604d197083d4781071d3c65855d24ecfb0a563"

[[projects]]
  branch = "master"
  name = "github.com/prometheus/procfs"
  packages = [
    ".",
    "internal/util",
    "nfs",
    "xfs"
  ]
  revision = "282c8707aa210456a825798969cc27edda34992a"

[[projects]]
  branch = "master"
  name = "github.com/seccomp/libseccomp-golang"
  packages = ["."]
  revision = "f6ec81daf48e41bf48b475afc7fe06a26bfb72d1"

[[projects]]
  name = "github.com/sirupsen/logrus"
  packages = ["."]
  revision = "f006c2ac4710855cf0f916dd6b77acf6b048dc6e"
  version = "v1.0.3"

[[projects]]
  name = "github.com/stretchr/testify"
  packages = [
    "assert",
    "require",
    "suite"
  ]
  revision = "69483b4bd14f5845b5a1e55bca19e954e827f1d0"
  version = "v1.1.4"

[[projects]]
  branch = "master"
  name = "github.com/syndtr/gocapability"
  packages = ["capability"]
  revision = "db04d3cc01c8b54962a58ec7e491717d06cfcc16"

[[projects]]
  branch = "master"
  name = "github.com/toqueteos/trie"
  packages = ["."]
  revision = "56fed4a05683322f125e2d78ee269bb102280392"

[[projects]]
  name = "github.com/vishvananda/netlink"
  packages = [
    ".",
    "nl"
  ]
  revision = "8c5a115d793b6d223efadbdba04d1de197d386e8"

[[projects]]
  name = "github.com/vishvananda/netns"
  packages = ["."]
  revision = "86bef332bfc3b59b7624a600bd53009ce91a9829"

[[projects]]
  name = "github.com/x-cray/logrus-prefixed-formatter"
  packages = ["."]
  revision = "bb2702d423886830dee131692131d35648c382e2"
  version = "v0.5.2"

[[projects]]
  name = "golang.org/x/crypto"
  packages = ["ssh/terminal"]
  revision = "81e90905daefcd6fd217b62423c0908922eadb30"

[[projects]]
  name = "golang.org/x/net"
  packages = [
    "context",
    "context/ctxhttp",
    "http2",
    "http2/hpack",
    "idna",
    "internal/timeseries",
    "lex/httplex",
    "proxy",
    "trace"
  ]
  revision = "f01ecb60fe3835d80d9a0b7b2bf24b228c89260e"

[[projects]]
  name = "golang.org/x/sys"
  packages = [
    "unix",
    "windows"
  ]
  revision = "37707fdb30a5b38865cfb95e5aab41707daec7fd"

[[projects]]
  name = "golang.org/x/text"
  packages = [
    "internal/gen",
    "internal/triegen",
    "internal/ucd",
    "secure/bidirule",
    "transform",
    "unicode/bidi",
    "unicode/cldr",
    "unicode/norm",
    "unicode/rangetable"
  ]
  revision = "cfdf022e86b4ecfb646e1efbd7db175dd623a8fa"

[[projects]]
  name = "google.golang.org/genproto"
  packages = ["googleapis/rpc/status"]
  revision = "b0a3dcfcd1a9bd48e63634bd8802960804cf8315"

[[projects]]
  name = "google.golang.org/grpc"
  packages = [
    ".",
    "balancer",
    "codes",
    "connectivity",
    "credentials",
    "grpclb/grpc_lb_v1/messages",
    "grpclog",
    "internal",
    "keepalive",
    "metadata",
    "naming",
    "peer",
    "resolver",
    "stats",
    "status",
    "tap",
    "transport"
  ]
  revision = "5ffe3083946d5603a0578721101dc8165b1d5b5f"
  version = "v1.7.2"

[[projects]]
  name = "gopkg.in/bblfsh/sdk.v1"
  packages = [
    "manifest",
    "manifest/discovery",
    "protocol",
    "sdk/driver",
    "sdk/jsonlines",
    "sdk/server",
    "uast",
    "uast/transformer"
  ]
  revision = "96e92bdde3785e655b8095a576addd52b96c6c61"
  version = "v1.16.0"

[[projects]]
  name = "gopkg.in/src-d/enry.v1"
  packages = [
    ".",
    "data",
    "internal/tokenizer"
  ]
  revision = "acaf8f3d385e8c6f43e24713538007fb72bbfc16"
  version = "v1.6.1"

[[projects]]
  name = "gopkg.in/src-d/go-errors.v1"
  packages = ["."]
  revision = "8bbbeeb767dfdd053b9b45d5a16a4f4ce2c6f694"
  version = "v1.0.0"

[[projects]]
  name = "gopkg.in/toqueteos/substring.v1"
  packages = ["."]
  revision = "c5f61671513240ddf5563635cc4a90e9f3ae4710"
  version = "v1.0.2"

[[projects]]
  name = "gopkg.in/yaml.v2"
  packages = ["."]
  revision = "1be3d31502d6eabc0dd7ce5b0daab022e14a5538"

[solve-meta]
  analyzer-name = "dep"
  analyzer-version = 1
  inputs-digest = "322bdf40af6b49274381a465cebd23c50676560a3595adda134758cee00ab4ce"
  solver-name = "gps-cdcl"
  solver-version = 1
